
Microsoft Visual Studio Solution File, Format Version 12.00
# Visual Studio 2013
VisualStudioVersion = 12.0.30110.0
MinimumVisualStudioVersion = 10.0.40219.1
Project("{FAE04EC0-301F-11D3-BF4B-00C04F79EFBC}") = "Server", "Server .NET\Server.csproj", "{D27783F4-9221-4199-B360-55A6AAF570F8}"
EndProject
Project("{FAE04EC0-301F-11D3-BF4B-00C04F79EFBC}") = "Client", "Client\Client.csproj", "{B9A8073C-E378-4956-97FA-AE76ADC13CFA}"
EndProject
Global
	GlobalSection(SolutionConfigurationPlatforms) = preSolution
		Debug|Any CPU = Debug|Any CPU
		Release|Any CPU = Release|Any CPU
	EndGlobalSection
	GlobalSection(ProjectConfigurationPlatforms) = postSolution
		{D27783F4-9221-4199-B360-55A6AAF570F8}.Debug|Any CPU.ActiveCfg = Debug|Any CPU
		{D27783F4-9221-4199-B360-55A6AAF570F8}.Debug|Any CPU.Build.0 = Debug|Any CPU
		{D27783F4-9221-4199-B360-55A6AAF570F8}.Release|Any CPU.ActiveCfg = Release|Any CPU
		{D27783F4-9221-4199-B360-55A6AAF570F8}.Release|Any CPU.Build.0 = Release|Any CPU
		{B9A8073C-E378-4956-97FA-AE76ADC13CFA}.Debug|Any CPU.ActiveCfg = Debug|Any CPU
		{B9A8073C-E378-4956-97FA-AE76ADC13CFA}.Debug|Any CPU.Build.0 = Debug|Any CPU
		{B9A8073C-E378-4956-97FA-AE76ADC13CFA}.Release|Any CPU.ActiveCfg = Release|Any CPU
		{B9A8073C-E378-4956-97FA-AE76ADC13CFA}.Release|Any CPU.Build.0 = Release|Any CPU
	EndGlobalSection
	GlobalSection(SolutionProperties) = preSolution
		HideSolutionNode = FALSE
	EndGlobalSection
EndGlobal
